
Microsoft Visual Studio Solution File, Format Version 12.00
# Visual Studio Version 16
VisualStudioVersion = 16.0.31702.278
MinimumVisualStudioVersion = 10.0.40219.1
Project("{E24C65DC-7377-472B-9ABA-BC803B73C61A}") = "shiyan4", ".", "{F3823580-A343-4C2D-9404-178D72D5F10B}"
	ProjectSection(WebsiteProperties) = preProject
		TargetFrameworkMoniker = ".NETFramework,Version%3Dv4.5.2"
		Debug.AspNetCompiler.VirtualPath = "/localhost_26995"
		Debug.AspNetCompiler.PhysicalPath = "..\shiyan4\"
		Debug.AspNetCompiler.TargetPath = "PrecompiledWeb\localhost_26995\"
		Debug.AspNetCompiler.Updateable = "true"
		Debug.AspNetCompiler.ForceOverwrite = "true"
		Debug.AspNetCompiler.FixedNames = "false"
		Debug.AspNetCompiler.Debug = "True"
		Release.AspNetCompiler.VirtualPath = "/localhost_26995"
		Release.AspNetCompiler.PhysicalPath = "..\shiyan4\"
		Release.AspNetCompiler.TargetPath = "PrecompiledWeb\localhost_26995\"
		Release.AspNetCompiler.Updateable = "true"
		Release.AspNetCompiler.ForceOverwrite = "true"
		Release.AspNetCompiler.FixedNames = "false"
		Release.AspNetCompiler.Debug = "False"
		VWDPort = "26995"
		SlnRelativePath = "..\shiyan4\"
		DefaultWebSiteLanguage = "Visual C#"
	EndProjectSection
EndProject
Global
	GlobalSection(SolutionConfigurationPlatforms) = preSolution
		Debug|Any CPU = Debug|Any CPU
	EndGlobalSection
	GlobalSection(ProjectConfigurationPlatforms) = postSolution
		{F3823580-A343-4C2D-9404-178D72D5F10B}.Debug|Any CPU.ActiveCfg = Debug|Any CPU
		{F3823580-A343-4C2D-9404-178D72D5F10B}.Debug|Any CPU.Build.0 = Debug|Any CPU
	EndGlobalSection
	GlobalSection(SolutionProperties) = preSolution
		HideSolutionNode = FALSE
	EndGlobalSection
	GlobalSection(ExtensibilityGlobals) = postSolution
		SolutionGuid = {78DFA13D-EA02-45DC-91B7-A4F6AD019873}
	EndGlobalSection
EndGlobal
